// !$*UTF8*$!
{
	archiveVersion = 1;
	classes = {
	};
	objectVersion = 46;
	objects = {

/* Begin PBXBuildFile section */
		B4D4583B1CA8C2D20064F2B2 /* AppDelegate.swift in Sources */ = {isa = PBXBuildFile; fileRef = B4D4583A1CA8C2D20064F2B2 /* AppDelegate.swift */; };
		B4D458421CA8C2D20064F2B2 /* Assets.xcassets in Resources */ = {isa = PBXBuildFile; fileRef = B4D458411CA8C2D20064F2B2 /* Assets.xcassets */; };
		B4D458451CA8C2D20064F2B2 /* LaunchScreen.storyboard in Resources */ = {isa = PBXBuildFile; fileRef = B4D458431CA8C2D20064F2B2 /* LaunchScreen.storyboard */; };
		B4D458501CA8C2D20064F2B2 /* LazyDataSampleAppTests.swift in Sources */ = {isa = PBXBuildFile; fileRef = B4D4584F1CA8C2D20064F2B2 /* LazyDataSampleAppTests.swift */; };
		B4D4585B1CA8C2D20064F2B2 /* LazyDataSampleAppUITests.swift in Sources */ = {isa = PBXBuildFile; fileRef = B4D4585A1CA8C2D20064F2B2 /* LazyDataSampleAppUITests.swift */; };
		B4D4586A1CA8C2F40064F2B2 /* ViewController.swift in Sources */ = {isa = PBXBuildFile; fileRef = B4D458681CA8C2F40064F2B2 /* ViewController.swift */; };
		B4D4586B1CA8C2F40064F2B2 /* Main.storyboard in Resources */ = {isa = PBXBuildFile; fileRef = B4D458691CA8C2F40064F2B2 /* Main.storyboard */; };
		B4D458711CA8C3000064F2B2 /* Person+CoreDataProperties.swift in Sources */ = {isa = PBXBuildFile; fileRef = B4D4586C1CA8C3000064F2B2 /* Person+CoreDataProperties.swift */; };
		B4D458721CA8C3000064F2B2 /* Person.swift in Sources */ = {isa = PBXBuildFile; fileRef = B4D4586D1CA8C3000064F2B2 /* Person.swift */; };
		B4D458731CA8C3000064F2B2 /* Device+CoreDataProperties.swift in Sources */ = {isa = PBXBuildFile; fileRef = B4D4586E1CA8C3000064F2B2 /* Device+CoreDataProperties.swift */; };
		B4D458741CA8C3000064F2B2 /* Device.swift in Sources */ = {isa = PBXBuildFile; fileRef = B4D4586F1CA8C3000064F2B2 /* Device.swift */; };
		B4D458751CA8C3000064F2B2 /* LazyDataSampleApp.xcdatamodel in Sources */ = {isa = PBXBuildFile; fileRef = B4D458701CA8C3000064F2B2 /* LazyDataSampleApp.xcdatamodel */; };
		C65CB2DE5DEB10E2425F2CF5 /* Pods_LazyDataSampleApp.framework in Frameworks */ = {isa = PBXBuildFile; fileRef = EEC16CD742700E0441C6761D /* Pods_LazyDataSampleApp.framework */; };
/* End PBXBuildFile section */

/* Begin PBXContainerItemProxy section */
		B4D4584C1CA8C2D20064F2B2 /* PBXContainerItemProxy */ = {
			isa = PBXContainerItemProxy;
			containerPortal = B4D4582F1CA8C2D10064F2B2 /* Project object */;
			proxyType = 1;
			remoteGlobalIDString = B4D458361CA8C2D10064F2B2;
			remoteInfo = LazyDataSampleApp;
		};
		B4D458571CA8C2D20064F2B2 /* PBXContainerItemProxy */ = {
			isa = PBXContainerItemProxy;
			containerPortal = B4D4582F1CA8C2D10064F2B2 /* Project object */;
			proxyType = 1;
			remoteGlobalIDString = B4D458361CA8C2D10064F2B2;
			remoteInfo = LazyDataSampleApp;
		};
/* End PBXContainerItemProxy section */

/* Begin PBXFileReference section */
		26C91B7F8589C91438C28A55 /* Pods-LazyDataSampleApp.release.xcconfig */ = {isa = PBXFileReference; includeInIndex = 1; lastKnownFileType = text.xcconfig; name = "Pods-LazyDataSampleApp.release.xcconfig"; path = "Pods/Target Support Files/Pods-LazyDataSampleApp/Pods-LazyDataSampleApp.release.xcconfig"; sourceTree = "<group>"; };
		4AD53CD80BA5BE0B62018742 /* Pods-LazyDataSampleApp.debug.xcconfig */ = {isa = PBXFileReference; includeInIndex = 1; lastKnownFileType = text.xcconfig; name = "Pods-LazyDataSampleApp.debug.xcconfig"; path = "Pods/Target Support Files/Pods-LazyDataSampleApp/Pods-LazyDataSampleApp.debug.xcconfig"; sourceTree = "<group>"; };
		B4D458371CA8C2D10064F2B2 /* LazyDataSampleApp.app */ = {isa = PBXFileReference; explicitFileType = wrapper.application; includeInIndex = 0; path = LazyDataSampleApp.app; sourceTree = BUILT_PRODUCTS_DIR; };
		B4D4583A1CA8C2D20064F2B2 /* AppDelegate.swift */ = {isa = PBXFileReference; lastKnownFileType = sourcecode.swift; path = AppDelegate.swift; sourceTree = "<group>"; };
		B4D458411CA8C2D20064F2B2 /* Assets.xcassets */ = {isa = PBXFileReference; lastKnownFileType = folder.assetcatalog; path = Assets.xcassets; sourceTree = "<group>"; };
		B4D458441CA8C2D20064F2B2 /* Base */ = {isa = PBXFileReference; lastKnownFileType = file.storyboard; name = Base; path = Base.lproj/LaunchScreen.storyboard; sourceTree = "<group>"; };
		B4D458461CA8C2D20064F2B2 /* Info.plist */ = {isa = PBXFileReference; lastKnownFileType = text.plist.xml; path = Info.plist; sourceTree = "<group>"; };
		B4D4584B1CA8C2D20064F2B2 /* LazyDataSampleAppTests.xctest */ = {isa = PBXFileReference; explicitFileType = wrapper.cfbundle; includeInIndex = 0; path = LazyDataSampleAppTests.xctest; sourceTree = BUILT_PRODUCTS_DIR; };
		B4D4584F1CA8C2D20064F2B2 /* LazyDataSampleAppTests.swift */ = {isa = PBXFileReference; lastKnownFileType = sourcecode.swift; path = LazyDataSampleAppTests.swift; sourceTree = "<group>"; };
		B4D458511CA8C2D20064F2B2 /* Info.plist */ = {isa = PBXFileReference; lastKnownFileType = text.plist.xml; path = Info.plist; sourceTree = "<group>"; };
		B4D458561CA8C2D20064F2B2 /* LazyDataSampleAppUITests.xctest */ = {isa = PBXFileReference; explicitFileType = wrapper.cfbundle; includeInIndex = 0; path = LazyDataSampleAppUITests.xctest; sourceTree = BUILT_PRODUCTS_DIR; };
		B4D4585A1CA8C2D20064F2B2 /* LazyDataSampleAppUITests.swift */ = {isa = PBXFileReference; lastKnownFileType = sourcecode.swift; path = LazyDataSampleAppUITests.swift; sourceTree = "<group>"; };
		B4D4585C1CA8C2D20064F2B2 /* Info.plist */ = {isa = PBXFileReference; lastKnownFileType = text.plist.xml; path = Info.plist; sourceTree = "<group>"; };
		B4D458681CA8C2F40064F2B2 /* ViewController.swift */ = {isa = PBXFileReference; fileEncoding = 4; lastKnownFileType = sourcecode.swift; path = ViewController.swift; sourceTree = "<group>"; };
		B4D458691CA8C2F40064F2B2 /* Main.storyboard */ = {isa = PBXFileReference; fileEncoding = 4; lastKnownFileType = file.storyboard; path = Main.storyboard; sourceTree = "<group>"; };
		B4D4586C1CA8C3000064F2B2 /* Person+CoreDataProperties.swift */ = {isa = PBXFileReference; fileEncoding = 4; lastKnownFileType = sourcecode.swift; path = "Person+CoreDataProperties.swift"; sourceTree = "<group>"; };
		B4D4586D1CA8C3000064F2B2 /* Person.swift */ = {isa = PBXFileReference; fileEncoding = 4; lastKnownFileType = sourcecode.swift; path = Person.swift; sourceTree = "<group>"; };
		B4D4586E1CA8C3000064F2B2 /* Device+CoreDataProperties.swift */ = {isa = PBXFileReference; fileEncoding = 4; lastKnownFileType = sourcecode.swift; path = "Device+CoreDataProperties.swift"; sourceTree = "<group>"; };
		B4D4586F1CA8C3000064F2B2 /* Device.swift */ = {isa = PBXFileReference; fileEncoding = 4; lastKnownFileType = sourcecode.swift; path = Device.swift; sourceTree = "<group>"; };
		B4D458701CA8C3000064F2B2 /* LazyDataSampleApp.xcdatamodel */ = {isa = PBXFileReference; lastKnownFileType = wrapper.xcdatamodel; path = LazyDataSampleApp.xcdatamodel; sourceTree = "<group>"; };
		EEC16CD742700E0441C6761D /* Pods_LazyDataSampleApp.framework */ = {isa = PBXFileReference; explicitFileType = wrapper.framework; includeInIndex = 0; path = Pods_LazyDataSampleApp.framework; sourceTree = BUILT_PRODUCTS_DIR; };
/* End PBXFileReference section */

/* Begin PBXFrameworksBuildPhase section */
		B4D458341CA8C2D10064F2B2 /* Frameworks */ = {
			isa = PBXFrameworksBuildPhase;
			buildActionMask = 2147483647;
			files = (
				C65CB2DE5DEB10E2425F2CF5 /* Pods_LazyDataSampleApp.framework in Frameworks */,
			);
			runOnlyForDeploymentPostprocessing = 0;
		};
		B4D458481CA8C2D20064F2B2 /* Frameworks */ = {
			isa = PBXFrameworksBuildPhase;
			buildActionMask = 2147483647;
			files = (
			);
			runOnlyForDeploymentPostprocessing = 0;
		};
		B4D458531CA8C2D20064F2B2 /* Frameworks */ = {
			isa = PBXFrameworksBuildPhase;
			buildActionMask = 2147483647;
			files = (
			);
			runOnlyForDeploymentPostprocessing = 0;
		};
/* End PBXFrameworksBuildPhase section */

/* Begin PBXGroup section */
		6915B534F553AEE2A0ABBD8B /* Pods */ = {
			isa = PBXGroup;
			children = (
				4AD53CD80BA5BE0B62018742 /* Pods-LazyDataSampleApp.debug.xcconfig */,
				26C91B7F8589C91438C28A55 /* Pods-LazyDataSampleApp.release.xcconfig */,
			);
			name = Pods;
			sourceTree = "<group>";
		};
		7F03E2C9B00B9AED7205EEA2 /* Frameworks */ = {
			isa = PBXGroup;
			children = (
				EEC16CD742700E0441C6761D /* Pods_LazyDataSampleApp.framework */,
			);
			name = Frameworks;
			sourceTree = "<group>";
		};
		B4D4582E1CA8C2D10064F2B2 = {
			isa = PBXGroup;
			children = (
				B4D458391CA8C2D20064F2B2 /* LazyDataSampleApp */,
				B4D4584E1CA8C2D20064F2B2 /* LazyDataSampleAppTests */,
				B4D458591CA8C2D20064F2B2 /* LazyDataSampleAppUITests */,
				B4D458381CA8C2D10064F2B2 /* Products */,
				6915B534F553AEE2A0ABBD8B /* Pods */,
				7F03E2C9B00B9AED7205EEA2 /* Frameworks */,
			);
			sourceTree = "<group>";
		};
		B4D458381CA8C2D10064F2B2 /* Products */ = {
			isa = PBXGroup;
			children = (
				B4D458371CA8C2D10064F2B2 /* LazyDataSampleApp.app */,
				B4D4584B1CA8C2D20064F2B2 /* LazyDataSampleAppTests.xctest */,
				B4D458561CA8C2D20064F2B2 /* LazyDataSampleAppUITests.xctest */,
			);
			name = Products;
			sourceTree = "<group>";
		};
		B4D458391CA8C2D20064F2B2 /* LazyDataSampleApp */ = {
			isa = PBXGroup;
			children = (
				B4D458761CA8C3080064F2B2 /* Core Data */,
				B4D4583A1CA8C2D20064F2B2 /* AppDelegate.swift */,
				B4D458681CA8C2F40064F2B2 /* ViewController.swift */,
				B4D458691CA8C2F40064F2B2 /* Main.storyboard */,
				B4D458411CA8C2D20064F2B2 /* Assets.xcassets */,
				B4D458431CA8C2D20064F2B2 /* LaunchScreen.storyboard */,
				B4D458461CA8C2D20064F2B2 /* Info.plist */,
			);
			path = LazyDataSampleApp;
			sourceTree = "<group>";
		};
		B4D4584E1CA8C2D20064F2B2 /* LazyDataSampleAppTests */ = {
			isa = PBXGroup;
			children = (
				B4D4584F1CA8C2D20064F2B2 /* LazyDataSampleAppTests.swift */,
				B4D458511CA8C2D20064F2B2 /* Info.plist */,
			);
			path = LazyDataSampleAppTests;
			sourceTree = "<group>";
		};
		B4D458591CA8C2D20064F2B2 /* LazyDataSampleAppUITests */ = {
			isa = PBXGroup;
			children = (
				B4D4585A1CA8C2D20064F2B2 /* LazyDataSampleAppUITests.swift */,
				B4D4585C1CA8C2D20064F2B2 /* Info.plist */,
			);
			path = LazyDataSampleAppUITests;
			sourceTree = "<group>";
		};
		B4D458761CA8C3080064F2B2 /* Core Data */ = {
			isa = PBXGroup;
			children = (
				B4D4586C1CA8C3000064F2B2 /* Person+CoreDataProperties.swift */,
				B4D4586D1CA8C3000064F2B2 /* Person.swift */,
				B4D4586E1CA8C3000064F2B2 /* Device+CoreDataProperties.swift */,
				B4D4586F1CA8C3000064F2B2 /* Device.swift */,
				B4D458701CA8C3000064F2B2 /* LazyDataSampleApp.xcdatamodel */,
			);
			name = "Core Data";
			sourceTree = "<group>";
		};
/* End PBXGroup section */

/* Begin PBXNativeTarget section */
		B4D458361CA8C2D10064F2B2 /* LazyDataSampleApp */ = {
			isa = PBXNativeTarget;
			buildConfigurationList = B4D4585F1CA8C2D20064F2B2 /* Build configuration list for PBXNativeTarget "LazyDataSampleApp" */;
			buildPhases = (
				B72C969F91F0A4B4F797848B /* Check Pods Manifest.lock */,
				B4D458331CA8C2D10064F2B2 /* Sources */,
				B4D458341CA8C2D10064F2B2 /* Frameworks */,
				B4D458351CA8C2D10064F2B2 /* Resources */,
				38C627CF39B51F1809736C2A /* Embed Pods Frameworks */,
				104F2B3741C6A8FE66963D03 /* Copy Pods Resources */,
			);
			buildRules = (
			);
			dependencies = (
			);
			name = LazyDataSampleApp;
			productName = LazyDataSampleApp;
			productReference = B4D458371CA8C2D10064F2B2 /* LazyDataSampleApp.app */;
			productType = "com.apple.product-type.application";
		};
		B4D4584A1CA8C2D20064F2B2 /* LazyDataSampleAppTests */ = {
			isa = PBXNativeTarget;
			buildConfigurationList = B4D458621CA8C2D20064F2B2 /* Build configuration list for PBXNativeTarget "LazyDataSampleAppTests" */;
			buildPhases = (
				B4D458471CA8C2D20064F2B2 /* Sources */,
				B4D458481CA8C2D20064F2B2 /* Frameworks */,
				B4D458491CA8C2D20064F2B2 /* Resources */,
			);
			buildRules = (
			);
			dependencies = (
				B4D4584D1CA8C2D20064F2B2 /* PBXTargetDependency */,
			);
			name = LazyDataSampleAppTests;
			productName = LazyDataSampleAppTests;
			productReference = B4D4584B1CA8C2D20064F2B2 /* LazyDataSampleAppTests.xctest */;
			productType = "com.apple.product-type.bundle.unit-test";
		};
		B4D458551CA8C2D20064F2B2 /* LazyDataSampleAppUITests */ = {
			isa = PBXNativeTarget;
			buildConfigurationList = B4D458651CA8C2D20064F2B2 /* Build configuration list for PBXNativeTarget "LazyDataSampleAppUITests" */;
			buildPhases = (
				B4D458521CA8C2D20064F2B2 /* Sources */,
				B4D458531CA8C2D20064F2B2 /* Frameworks */,
				B4D458541CA8C2D20064F2B2 /* Resources */,
			);
			buildRules = (
			);
			dependencies = (
				B4D458581CA8C2D20064F2B2 /* PBXTargetDependency */,
			);
			name = LazyDataSampleAppUITests;
			productName = LazyDataSampleAppUITests;
			productReference = B4D458561CA8C2D20064F2B2 /* LazyDataSampleAppUITests.xctest */;
			productType = "com.apple.product-type.bundle.ui-testing";
		};
/* End PBXNativeTarget section */

/* Begin PBXProject section */
		B4D4582F1CA8C2D10064F2B2 /* Project object */ = {
			isa = PBXProject;
			attributes = {
				LastSwiftUpdateCheck = 0730;
				LastUpgradeCheck = 0730;
				ORGANIZATIONNAME = "Marcos Rodriguez Vélez";
				TargetAttributes = {
					B4D458361CA8C2D10064F2B2 = {
						CreatedOnToolsVersion = 7.3;
					};
					B4D4584A1CA8C2D20064F2B2 = {
						CreatedOnToolsVersion = 7.3;
						TestTargetID = B4D458361CA8C2D10064F2B2;
					};
					B4D458551CA8C2D20064F2B2 = {
						CreatedOnToolsVersion = 7.3;
						TestTargetID = B4D458361CA8C2D10064F2B2;
					};
				};
			};
			buildConfigurationList = B4D458321CA8C2D10064F2B2 /* Build configuration list for PBXProject "LazyDataSampleApp" */;
			compatibilityVersion = "Xcode 3.2";
			developmentRegion = English;
			hasScannedForEncodings = 0;
			knownRegions = (
				en,
				Base,
			);
			mainGroup = B4D4582E1CA8C2D10064F2B2;
			productRefGroup = B4D458381CA8C2D10064F2B2 /* Products */;
			projectDirPath = "";
			projectRoot = "";
			targets = (
				B4D458361CA8C2D10064F2B2 /* LazyDataSampleApp */,
				B4D4584A1CA8C2D20064F2B2 /* LazyDataSampleAppTests */,
				B4D458551CA8C2D20064F2B2 /* LazyDataSampleAppUITests */,
			);
		};
/* End PBXProject section */

/* Begin PBXResourcesBuildPhase section */
		B4D458351CA8C2D10064F2B2 /* Resources */ = {
			isa = PBXResourcesBuildPhase;
			buildActionMask = 2147483647;
			files = (
				B4D4586B1CA8C2F40064F2B2 /* Main.storyboard in Resources */,
				B4D458451CA8C2D20064F2B2 /* LaunchScreen.storyboard in Resources */,
				B4D458421CA8C2D20064F2B2 /* Assets.xcassets in Resources */,
			);
			runOnlyForDeploymentPostprocessing = 0;
		};
		B4D458491CA8C2D20064F2B2 /* Resources */ = {
			isa = PBXResourcesBuildPhase;
			buildActionMask = 2147483647;
			files = (
			);
			runOnlyForDeploymentPostprocessing = 0;
		};
		B4D458541CA8C2D20064F2B2 /* Resources */ = {
			isa = PBXResourcesBuildPhase;
			buildActionMask = 2147483647;
			files = (
			);
			runOnlyForDeploymentPostprocessing = 0;
		};
/* End PBXResourcesBuildPhase section */

/* Begin PBXShellScriptBuildPhase section */
		104F2B3741C6A8FE66963D03 /* Copy Pods Resources */ = {
			isa = PBXShellScriptBuildPhase;
			buildActionMask = 2147483647;
			files = (
			);
			inputPaths = (
			);
			name = "Copy Pods Resources";
			outputPaths = (
			);
			runOnlyForDeploymentPostprocessing = 0;
			shellPath = /bin/sh;
			shellScript = "\"${SRCROOT}/Pods/Target Support Files/Pods-LazyDataSampleApp/Pods-LazyDataSampleApp-resources.sh\"\n";
			showEnvVarsInLog = 0;
		};
		38C627CF39B51F1809736C2A /* Embed Pods Frameworks */ = {
			isa = PBXShellScriptBuildPhase;
			buildActionMask = 2147483647;
			files = (
			);
			inputPaths = (
			);
			name = "Embed Pods Frameworks";
			outputPaths = (
			);
			runOnlyForDeploymentPostprocessing = 0;
			shellPath = /bin/sh;
			shellScript = "\"${SRCROOT}/Pods/Target Support Files/Pods-LazyDataSampleApp/Pods-LazyDataSampleApp-frameworks.sh\"\n";
			showEnvVarsInLog = 0;
		};
		B72C969F91F0A4B4F797848B /* Check Pods Manifest.lock */ = {
			isa = PBXShellScriptBuildPhase;
			buildActionMask = 2147483647;
			files = (
			);
			inputPaths = (
			);
			name = "Check Pods Manifest.lock";
			outputPaths = (
			);
			runOnlyForDeploymentPostprocessing = 0;
			shellPath = /bin/sh;
			shellScript = "diff \"${PODS_ROOT}/../Podfile.lock\" \"${PODS_ROOT}/Manifest.lock\" > /dev/null\nif [[ $? != 0 ]] ; then\n    cat << EOM\nerror: The sandbox is not in sync with the Podfile.lock. Run 'pod install' or update your CocoaPods installation.\nEOM\n    exit 1\nfi\n";
			showEnvVarsInLog = 0;
		};
/* End PBXShellScriptBuildPhase section */

/* Begin PBXSourcesBuildPhase section */
		B4D458331CA8C2D10064F2B2 /* Sources */ = {
			isa = PBXSourcesBuildPhase;
			buildActionMask = 2147483647;
			files = (
				B4D4586A1CA8C2F40064F2B2 /* ViewController.swift in Sources */,
				B4D4583B1CA8C2D20064F2B2 /* AppDelegate.swift in Sources */,
				B4D458731CA8C3000064F2B2 /* Device+CoreDataProperties.swift in Sources */,
				B4D458741CA8C3000064F2B2 /* Device.swift in Sources */,
				B4D458721CA8C3000064F2B2 /* Person.swift in Sources */,
				B4D458711CA8C3000064F2B2 /* Person+CoreDataProperties.swift in Sources */,
				B4D458751CA8C3000064F2B2 /* LazyDataSampleApp.xcdatamodel in Sources */,
			);
			runOnlyForDeploymentPostprocessing = 0;
		};
		B4D458471CA8C2D20064F2B2 /* Sources */ = {
			isa = PBXSourcesBuildPhase;
			buildActionMask = 2147483647;
			files = (
				B4D458501CA8C2D20064F2B2 /* LazyDataSampleAppTests.swift in Sources */,
			);
			runOnlyForDeploymentPostprocessing = 0;
		};
		B4D458521CA8C2D20064F2B2 /* Sources */ = {
			isa = PBXSourcesBuildPhase;
			buildActionMask = 2147483647;
			files = (
				B4D4585B1CA8C2D20064F2B2 /* LazyDataSampleAppUITests.swift in Sources */,
			);
			runOnlyForDeploymentPostprocessing = 0;
		};
/* End PBXSourcesBuildPhase section */

/* Begin PBXTargetDependency section */
		B4D4584D1CA8C2D20064F2B2 /* PBXTargetDependency */ = {
			isa = PBXTargetDependency;
			target = B4D458361CA8C2D10064F2B2 /* LazyDataSampleApp */;
			targetProxy = B4D4584C1CA8C2D20064F2B2 /* PBXContainerItemProxy */;
		};
		B4D458581CA8C2D20064F2B2 /* PBXTargetDependency */ = {
			isa = PBXTargetDependency;
			target = B4D458361CA8C2D10064F2B2 /* LazyDataSampleApp */;
			targetProxy = B4D458571CA8C2D20064F2B2 /* PBXContainerItemProxy */;
		};
/* End PBXTargetDependency section */

/* Begin PBXVariantGroup section */
		B4D458431CA8C2D20064F2B2 /* LaunchScreen.storyboard */ = {
			isa = PBXVariantGroup;
			children = (
				B4D458441CA8C2D20064F2B2 /* Base */,
			);
			name = LaunchScreen.storyboard;
			sourceTree = "<group>";
		};
/* End PBXVariantGroup section */

/* Begin XCBuildConfiguration section */
		B4D4585D1CA8C2D20064F2B2 /* Debug */ = {
			isa = XCBuildConfiguration;
			buildSettings = {
				ALWAYS_SEARCH_USER_PATHS = NO;
				CLANG_ANALYZER_NONNULL = YES;
				CLANG_CXX_LANGUAGE_STANDARD = "gnu++0x";
				CLANG_CXX_LIBRARY = "libc++";
				CLANG_ENABLE_MODULES = YES;
				CLANG_ENABLE_OBJC_ARC = YES;
				CLANG_WARN_BOOL_CONVERSION = YES;
				CLANG_WARN_CONSTANT_CONVERSION = YES;
				CLANG_WARN_DIRECT_OBJC_ISA_USAGE = YES_ERROR;
				CLANG_WARN_EMPTY_BODY = YES;
				CLANG_WARN_ENUM_CONVERSION = YES;
				CLANG_WARN_INT_CONVERSION = YES;
				CLANG_WARN_OBJC_ROOT_CLASS = YES_ERROR;
				CLANG_WARN_UNREACHABLE_CODE = YES;
				CLANG_WARN__DUPLICATE_METHOD_MATCH = YES;
				"CODE_SIGN_IDENTITY[sdk=iphoneos*]" = "iPhone Developer";
				COPY_PHASE_STRIP = NO;
				DEBUG_INFORMATION_FORMAT = dwarf;
				ENABLE_STRICT_OBJC_MSGSEND = YES;
				ENABLE_TESTABILITY = YES;
				GCC_C_LANGUAGE_STANDARD = gnu99;
				GCC_DYNAMIC_NO_PIC = NO;
				GCC_NO_COMMON_BLOCKS = YES;
				GCC_OPTIMIZATION_LEVEL = 0;
				GCC_PREPROCESSOR_DEFINITIONS = (
					"DEBUG=1",
					"$(inherited)",
				);
				GCC_WARN_64_TO_32_BIT_CONVERSION = YES;
				GCC_WARN_ABOUT_RETURN_TYPE = YES_ERROR;
				GCC_WARN_UNDECLARED_SELECTOR = YES;
				GCC_WARN_UNINITIALIZED_AUTOS = YES_AGGRESSIVE;
				GCC_WARN_UNUSED_FUNCTION = YES;
				GCC_WARN_UNUSED_VARIABLE = YES;
				IPHONEOS_DEPLOYMENT_TARGET = 9.3;
				MTL_ENABLE_DEBUG_INFO = YES;
				ONLY_ACTIVE_ARCH = YES;
				SDKROOT = iphoneos;
				SWIFT_OPTIMIZATION_LEVEL = "-Onone";
			};
			name = Debug;
		};
		B4D4585E1CA8C2D20064F2B2 /* Release */ = {
			isa = XCBuildConfiguration;
			buildSettings = {
				ALWAYS_SEARCH_USER_PATHS = NO;
				CLANG_ANALYZER_NONNULL = YES;
				CLANG_CXX_LANGUAGE_STANDARD = "gnu++0x";
				CLANG_CXX_LIBRARY = "libc++";
				CLANG_ENABLE_MODULES = YES;
				CLANG_ENABLE_OBJC_ARC = YES;
				CLANG_WARN_BOOL_CONVERSION = YES;
				CLANG_WARN_CONSTANT_CONVERSION = YES;
				CLANG_WARN_DIRECT_OBJC_ISA_USAGE = YES_ERROR;
				CLANG_WARN_EMPTY_BODY = YES;
				CLANG_WARN_ENUM_CONVERSION = YES;
				CLANG_WARN_INT_CONVERSION = YES;
				CLANG_WARN_OBJC_ROOT_CLASS = YES_ERROR;
				CLANG_WARN_UNREACHABLE_CODE = YES;
				CLANG_WARN__DUPLICATE_METHOD_MATCH = YES;
				"CODE_SIGN_IDENTITY[sdk=iphoneos*]" = "iPhone Developer";
				COPY_PHASE_STRIP = NO;
				DEBUG_INFORMATION_FORMAT = "dwarf-with-dsym";
				ENABLE_NS_ASSERTIONS = NO;
				ENABLE_STRICT_OBJC_MSGSEND = YES;
				GCC_C_LANGUAGE_STANDARD = gnu99;
				GCC_NO_COMMON_BLOCKS = YES;
				GCC_WARN_64_TO_32_BIT_CONVERSION = YES;
				GCC_WARN_ABOUT_RETURN_TYPE = YES_ERROR;
				GCC_WARN_UNDECLARED_SELECTOR = YES;
				GCC_WARN_UNINITIALIZED_AUTOS = YES_AGGRESSIVE;
				GCC_WARN_UNUSED_FUNCTION = YES;
				GCC_WARN_UNUSED_VARIABLE = YES;
				IPHONEOS_DEPLOYMENT_TARGET = 9.3;
				MTL_ENABLE_DEBUG_INFO = NO;
				SDKROOT = iphoneos;
				VALIDATE_PRODUCT = YES;
			};
			name = Release;
		};
		B4D458601CA8C2D20064F2B2 /* Debug */ = {
			isa = XCBuildConfiguration;
			baseConfigurationReference = 4AD53CD80BA5BE0B62018742 /* Pods-LazyDataSampleApp.debug.xcconfig */;
			buildSettings = {
				ASSETCATALOG_COMPILER_APPICON_NAME = AppIcon;
				INFOPLIST_FILE = LazyDataSampleApp/Info.plist;
				LD_RUNPATH_SEARCH_PATHS = "$(inherited) @executable_path/Frameworks";
				PRODUCT_BUNDLE_IDENTIFIER = com.marcosrdz.LazyDataSampleApp.LazyDataSampleApp;
				PRODUCT_NAME = "$(TARGET_NAME)";
			};
			name = Debug;
		};
		B4D458611CA8C2D20064F2B2 /* Release */ = {
			isa = XCBuildConfiguration;
			baseConfigurationReference = 26C91B7F8589C91438C28A55 /* Pods-LazyDataSampleApp.release.xcconfig */;
			buildSettings = {
				ASSETCATALOG_COMPILER_APPICON_NAME = AppIcon;
				INFOPLIST_FILE = LazyDataSampleApp/Info.plist;
				LD_RUNPATH_SEARCH_PATHS = "$(inherited) @executable_path/Frameworks";
				PRODUCT_BUNDLE_IDENTIFIER = com.marcosrdz.LazyDataSampleApp.LazyDataSampleApp;
				PRODUCT_NAME = "$(TARGET_NAME)";
			};
			name = Release;
		};
		B4D458631CA8C2D20064F2B2 /* Debug */ = {
			isa = XCBuildConfiguration;
			buildSettings = {
				BUNDLE_LOADER = "$(TEST_HOST)";
				INFOPLIST_FILE = LazyDataSampleAppTests/Info.plist;
				LD_RUNPATH_SEARCH_PATHS = "$(inherited) @executable_path/Frameworks @loader_path/Frameworks";
				PRODUCT_BUNDLE_IDENTIFIER = com.marcosrdz.LazyDataSampleApp.LazyDataSampleAppTests;
				PRODUCT_NAME = "$(TARGET_NAME)";
				TEST_HOST = "$(BUILT_PRODUCTS_DIR)/LazyDataSampleApp.app/LazyDataSampleApp";
			};
			name = Debug;
		};
		B4D458641CA8C2D20064F2B2 /* Release */ = {
			isa = XCBuildConfiguration;
			buildSettings = {
				BUNDLE_LOADER = "$(TEST_HOST)";
				INFOPLIST_FILE = LazyDataSampleAppTests/Info.plist;
				LD_RUNPATH_SEARCH_PATHS = "$(inherited) @executable_path/Frameworks @loader_path/Frameworks";
				PRODUCT_BUNDLE_IDENTIFIER = com.marcosrdz.LazyDataSampleApp.LazyDataSampleAppTests;
				PRODUCT_NAME = "$(TARGET_NAME)";
				TEST_HOST = "$(BUILT_PRODUCTS_DIR)/LazyDataSampleApp.app/LazyDataSampleApp";
			};
			name = Release;
		};
		B4D458661CA8C2D20064F2B2 /* Debug */ = {
			isa = XCBuildConfiguration;
			buildSettings = {
				INFOPLIST_FILE = LazyDataSampleAppUITests/Info.plist;
				LD_RUNPATH_SEARCH_PATHS = "$(inherited) @executable_path/Frameworks @loader_path/Frameworks";
				PRODUCT_BUNDLE_IDENTIFIER = com.marcosrdz.LazyDataSampleApp.LazyDataSampleAppUITests;
				PRODUCT_NAME = "$(TARGET_NAME)";
				TEST_TARGET_NAME = LazyDataSampleApp;
			};
			name = Debug;
		};
		B4D458671CA8C2D20064F2B2 /* Release */ = {
			isa = XCBuildConfiguration;
			buildSettings = {
				INFOPLIST_FILE = LazyDataSampleAppUITests/Info.plist;
				LD_RUNPATH_SEARCH_PATHS = "$(inherited) @executable_path/Frameworks @loader_path/Frameworks";
				PRODUCT_BUNDLE_IDENTIFIER = com.marcosrdz.LazyDataSampleApp.LazyDataSampleAppUITests;
				PRODUCT_NAME = "$(TARGET_NAME)";
				TEST_TARGET_NAME = LazyDataSampleApp;
			};
			name = Release;
		};
/* End XCBuildConfiguration section */

/* Begin XCConfigurationList section */
		B4D458321CA8C2D10064F2B2 /* Build configuration list for PBXProject "LazyDataSampleApp" */ = {
			isa = XCConfigurationList;
			buildConfigurations = (
				B4D4585D1CA8C2D20064F2B2 /* Debug */,
				B4D4585E1CA8C2D20064F2B2 /* Release */,
			);
			defaultConfigurationIsVisible = 0;
			defaultConfigurationName = Release;
		};
		B4D4585F1CA8C2D20064F2B2 /* Build configuration list for PBXNativeTarget "LazyDataSampleApp" */ = {
			isa = XCConfigurationList;
			buildConfigurations = (
				B4D458601CA8C2D20064F2B2 /* Debug */,
				B4D458611CA8C2D20064F2B2 /* Release */,
			);
			defaultConfigurationIsVisible = 0;
			defaultConfigurationName = Release;
		};
		B4D458621CA8C2D20064F2B2 /* Build configuration list for PBXNativeTarget "LazyDataSampleAppTests" */ = {
			isa = XCConfigurationList;
			buildConfigurations = (
				B4D458631CA8C2D20064F2B2 /* Debug */,
				B4D458641CA8C2D20064F2B2 /* Release */,
			);
			defaultConfigurationIsVisible = 0;
			defaultConfigurationName = Release;
		};
		B4D458651CA8C2D20064F2B2 /* Build configuration list for PBXNativeTarget "LazyDataSampleAppUITests" */ = {
			isa = XCConfigurationList;
			buildConfigurations = (
				B4D458661CA8C2D20064F2B2 /* Debug */,
				B4D458671CA8C2D20064F2B2 /* Release */,
			);
			defaultConfigurationIsVisible = 0;
			defaultConfigurationName = Release;
		};
/* End XCConfigurationList section */
	};
	rootObject = B4D4582F1CA8C2D10064F2B2 /* Project object */;
}
